<?xml version="1.0" encoding="utf-8"?>
<Project ToolsVersion="4.0" xmlns="http://schemas.microsoft.com/developer/msbuild/2003">
  <ItemGroup>
    <Filter Include="win32">
      <UniqueIdentifier>{84a8ebd7-7cf0-47f6-b75e-d441df67da40}</UniqueIdentifier>
    </Filter>
    <Filter Include="resource">
      <UniqueIdentifier>{715254bc-d70b-4ec5-bf29-467dd3ace079}</UniqueIdentifier>
    </Filter>
    <Filter Include="src">
      <UniqueIdentifier>{bb6c862e-70e9-49d9-81b7-3829a6f50471}</UniqueIdentifier>
    </Filter>
  </ItemGroup>
  <ItemGroup>
    <ClCompile Include="main.cpp">
      <Filter>win32</Filter>
    </ClCompile>
    <ClCompile Include="..\Classes\AppDelegate.cpp">
      <Filter>src</Filter>
    </ClCompile>
    <ClCompile Include="..\Classes\Acting.cpp">
      <Filter>src</Filter>
    </ClCompile>
    <ClCompile Include="..\Classes\Box.cpp">
      <Filter>src</Filter>
    </ClCompile>
    <ClCompile Include="..\Classes\BoxAfterState.cpp">
      <Filter>src</Filter>
    </ClCompile>
    <ClCompile Include="..\Classes\BoxBehaviorState.cpp">
      <Filter>src</Filter>
    </ClCompile>
    <ClCompile Include="..\Classes\BoxDefaultState.cpp">
      <Filter>src</Filter>
    </ClCompile>
    <ClCompile Include="..\Classes\BoxHoldOnState.cpp">
      <Filter>src</Filter>
    </ClCompile>
    <ClCompile Include="..\Classes\DataManager.cpp">
      <Filter>src</Filter>
    </ClCompile>
    <ClCompile Include="..\Classes\Ground.cpp">
      <Filter>src</Filter>
    </ClCompile>
    <ClCompile Include="..\Classes\Line.cpp">
      <Filter>src</Filter>
    </ClCompile>
    <ClCompile Include="..\Classes\Mirage.cpp">
      <Filter>src</Filter>
    </ClCompile>
    <ClCompile Include="..\Classes\MirageBehaviorState.cpp">
      <Filter>src</Filter>
    </ClCompile>
    <ClCompile Include="..\Classes\MirageCrashedState.cpp">
      <Filter>src</Filter>
    </ClCompile>
    <ClCompile Include="..\Classes\MirageDefaultState.cpp">
      <Filter>src</Filter>
    </ClCompile>
    <ClCompile Include="..\Classes\ObjectManager.cpp">
      <Filter>src</Filter>
    </ClCompile>
    <ClCompile Include="..\Classes\Player.cpp">
      <Filter>src</Filter>
    </ClCompile>
    <ClCompile Include="..\Classes\Pulley.cpp">
      <Filter>src</Filter>
    </ClCompile>
    <ClCompile Include="..\Classes\PulleyBehaviorState.cpp">
      <Filter>src</Filter>
    </ClCompile>
    <ClCompile Include="..\Classes\PulleyDefaultState.cpp">
      <Filter>src</Filter>
    </ClCompile>
    <ClCompile Include="..\Classes\PulleyRunState.cpp">
      <Filter>src</Filter>
    </ClCompile>
    <ClCompile Include="..\Classes\Rail.cpp">
      <Filter>src</Filter>
    </ClCompile>
    <ClCompile Include="..\Classes\RailBehaviorState.cpp">
      <Filter>src</Filter>
    </ClCompile>
    <ClCompile Include="..\Classes\RailDefaultState.cpp">
      <Filter>src</Filter>
    </ClCompile>
    <ClCompile Include="..\Classes\RailRunState.cpp">
      <Filter>src</Filter>
    </ClCompile>
    <ClCompile Include="..\Classes\Scene_Play.cpp">
      <Filter>src</Filter>
    </ClCompile>
    <ClCompile Include="..\Classes\Scene_SelectState.cpp">
      <Filter>src</Filter>
    </ClCompile>
    <ClCompile Include="..\Classes\SceneManager.cpp">
      <Filter>src</Filter>
    </ClCompile>
    <ClCompile Include="..\Classes\ScrollManager.cpp">
      <Filter>src</Filter>
    </ClCompile>
    <ClCompile Include="..\Classes\ScrollSprite.cpp">
      <Filter>src</Filter>
    </ClCompile>
    <ClCompile Include="..\Classes\StageLine.cpp">
      <Filter>src</Filter>
    </ClCompile>
    <ClCompile Include="..\Classes\Things.cpp">
      <Filter>src</Filter>
    </ClCompile>
    <ClCompile Include="..\Classes\Timer.cpp">
      <Filter>src</Filter>
    </ClCompile>
    <ClCompile Include="..\Classes\UpdateManager.cpp">
      <Filter>src</Filter>
    </ClCompile>
    <ClCompile Include="..\Classes\Box2dSprite.cpp">
      <Filter>src</Filter>
    </ClCompile>
    <ClCompile Include="..\Classes\ThingsWithBody.cpp">
      <Filter>src</Filter>
    </ClCompile>
    <ClCompile Include="..\Classes\ObjectFactory.cpp">
      <Filter>src</Filter>
    </ClCompile>
    <ClCompile Include="..\Classes\Behavior.cpp" />
    <ClCompile Include="..\Classes\Scene_LoadMap.cpp">
      <Filter>src</Filter>
    </ClCompile>
    <ClCompile Include="..\Classes\StageBox.cpp">
      <Filter>src</Filter>
    </ClCompile>
  </ItemGroup>
  <ItemGroup>
    <ClInclude Include="main.h">
      <Filter>win32</Filter>
    </ClInclude>
    <ClInclude Include="..\Classes\AppDelegate.h">
      <Filter>src</Filter>
    </ClInclude>
    <ClInclude Include="..\Classes\Acting.h">
      <Filter>src</Filter>
    </ClInclude>
    <ClInclude Include="..\Classes\Behavior.h">
      <Filter>src</Filter>
    </ClInclude>
    <ClInclude Include="..\Classes\BehaviorState.h">
      <Filter>src</Filter>
    </ClInclude>
    <ClInclude Include="..\Classes\Box.h">
      <Filter>src</Filter>
    </ClInclude>
    <ClInclude Include="..\Classes\BoxAfterState.h">
      <Filter>src</Filter>
    </ClInclude>
    <ClInclude Include="..\Classes\BoxBehaviorState.h">
      <Filter>src</Filter>
    </ClInclude>
    <ClInclude Include="..\Classes\BoxDefaultState.h">
      <Filter>src</Filter>
    </ClInclude>
    <ClInclude Include="..\Classes\BoxHoldOnState.h">
      <Filter>src</Filter>
    </ClInclude>
    <ClInclude Include="..\Classes\ConstantValue.h">
      <Filter>src</Filter>
    </ClInclude>
    <ClInclude Include="..\Classes\DataManager.h">
      <Filter>src</Filter>
    </ClInclude>
    <ClInclude Include="..\Classes\DataStructure.h">
      <Filter>src</Filter>
    </ClInclude>
    <ClInclude Include="..\Classes\EBoxDirection.h">
      <Filter>src</Filter>
    </ClInclude>
    <ClInclude Include="..\Classes\EDirection.h">
      <Filter>src</Filter>
    </ClInclude>
    <ClInclude Include="..\Classes\ELayerTag.h">
      <Filter>src</Filter>
    </ClInclude>
    <ClInclude Include="..\Classes\ELineDirection.h">
      <Filter>src</Filter>
    </ClInclude>
    <ClInclude Include="..\Classes\GravityConstant.h">
      <Filter>src</Filter>
    </ClInclude>
    <ClInclude Include="..\Classes\Ground.h">
      <Filter>src</Filter>
    </ClInclude>
    <ClInclude Include="..\Classes\IScroll.h">
      <Filter>src</Filter>
    </ClInclude>
    <ClInclude Include="..\Classes\ITransector.h">
      <Filter>src</Filter>
    </ClInclude>
    <ClInclude Include="..\Classes\LayerDefine.h">
      <Filter>src</Filter>
    </ClInclude>
    <ClInclude Include="..\Classes\Line.h">
      <Filter>src</Filter>
    </ClInclude>
    <ClInclude Include="..\Classes\ManagerDefine.h">
      <Filter>src</Filter>
    </ClInclude>
    <ClInclude Include="..\Classes\Mirage.h">
      <Filter>src</Filter>
    </ClInclude>
    <ClInclude Include="..\Classes\MirageBehaviorState.h">
      <Filter>src</Filter>
    </ClInclude>
    <ClInclude Include="..\Classes\MirageCrashedState.h">
      <Filter>src</Filter>
    </ClInclude>
    <ClInclude Include="..\Classes\MirageDefaultState.h">
      <Filter>src</Filter>
    </ClInclude>
    <ClInclude Include="..\Classes\MoveDirection.h">
      <Filter>src</Filter>
    </ClInclude>
    <ClInclude Include="..\Classes\ObjectArray.h">
      <Filter>src</Filter>
    </ClInclude>
    <ClInclude Include="..\Classes\ObjectDefine.h">
      <Filter>src</Filter>
    </ClInclude>
    <ClInclude Include="..\Classes\ObjectManager.h">
      <Filter>src</Filter>
    </ClInclude>
    <ClInclude Include="..\Classes\Player.h">
      <Filter>src</Filter>
    </ClInclude>
    <ClInclude Include="..\Classes\Pulley.h">
      <Filter>src</Filter>
    </ClInclude>
    <ClInclude Include="..\Classes\PulleyBehaviorState.h">
      <Filter>src</Filter>
    </ClInclude>
    <ClInclude Include="..\Classes\PulleyDefaultState.h">
      <Filter>src</Filter>
    </ClInclude>
    <ClInclude Include="..\Classes\PulleyRunState.h">
      <Filter>src</Filter>
    </ClInclude>
    <ClInclude Include="..\Classes\Rail.h">
      <Filter>src</Filter>
    </ClInclude>
    <ClInclude Include="..\Classes\RailBehaviorState.h">
      <Filter>src</Filter>
    </ClInclude>
    <ClInclude Include="..\Classes\RailDefaultState.h">
      <Filter>src</Filter>
    </ClInclude>
    <ClInclude Include="..\Classes\RailProfile.h">
      <Filter>src</Filter>
    </ClInclude>
    <ClInclude Include="..\Classes\RailRunState.h">
      <Filter>src</Filter>
    </ClInclude>
    <ClInclude Include="..\Classes\Scene_Play.h">
      <Filter>src</Filter>
    </ClInclude>
    <ClInclude Include="..\Classes\Scene_SelectState.h">
      <Filter>src</Filter>
    </ClInclude>
    <ClInclude Include="..\Classes\SceneManager.h">
      <Filter>src</Filter>
    </ClInclude>
    <ClInclude Include="..\Classes\ScrollManager.h">
      <Filter>src</Filter>
    </ClInclude>
    <ClInclude Include="..\Classes\ScrollSprite.h">
      <Filter>src</Filter>
    </ClInclude>
    <ClInclude Include="..\Classes\Singleton.h">
      <Filter>src</Filter>
    </ClInclude>
    <ClInclude Include="..\Classes\StageLine.h">
      <Filter>src</Filter>
    </ClInclude>
    <ClInclude Include="..\Classes\Things.h">
      <Filter>src</Filter>
    </ClInclude>
    <ClInclude Include="..\Classes\Timer.h">
      <Filter>src</Filter>
    </ClInclude>
    <ClInclude Include="..\Classes\TransectorProfile.h">
      <Filter>src</Filter>
    </ClInclude>
    <ClInclude Include="..\Classes\Update.h">
      <Filter>src</Filter>
    </ClInclude>
    <ClInclude Include="..\Classes\UpdateManager.h">
      <Filter>src</Filter>
    </ClInclude>
    <ClInclude Include="..\Classes\PhysicsDefine.h">
      <Filter>src</Filter>
    </ClInclude>
    <ClInclude Include="..\Classes\b2Structure.h">
      <Filter>src</Filter>
    </ClInclude>
    <ClInclude Include="..\Classes\Box2dSprite.h">
      <Filter>src</Filter>
    </ClInclude>
    <ClInclude Include="..\Classes\ThingsWithBody.h">
      <Filter>src</Filter>
    </ClInclude>
    <ClInclude Include="..\Classes\ObjectFactory.h">
      <Filter>src</Filter>
    </ClInclude>
    <ClInclude Include="..\Classes\Scene_LoadMap.h">
      <Filter>src</Filter>
    </ClInclude>
    <ClInclude Include="..\Classes\StageBox.h">
      <Filter>src</Filter>
    </ClInclude>
  </ItemGroup>
  <ItemGroup>
    <ResourceCompile Include="game.rc">
      <Filter>resource</Filter>
    </ResourceCompile>
  </ItemGroup>
  <ItemGroup>
    <None Include="ClassDiagram.cd" />
  </ItemGroup>
</Project>